
Microsoft Visual Studio Solution File, Format Version 12.00
# Visual Studio 15
VisualStudioVersion = 15.0.27425.0
MinimumVisualStudioVersion = 10.0.40219.1
Project("{9A19103F-16F7-4668-BE54-9A1E7A4F7556}") = "AsyncQuickInfoDemo", "AsyncQuickInfoDemo\AsyncQuickInfoDemo.csproj", "{A8C6A9ED-4C62-420E-B7AC-1A6936A8A523}"
EndProject
Global
	GlobalSection(SolutionConfigurationPlatforms) = preSolution
		Debug|Any CPU = Debug|Any CPU
		Release|Any CPU = Release|Any CPU
	EndGlobalSection
	GlobalSection(ProjectConfigurationPlatforms) = postSolution
		{A8C6A9ED-4C62-420E-B7AC-1A6936A8A523}.Debug|Any CPU.ActiveCfg = Debug|Any CPU
		{A8C6A9ED-4C62-420E-B7AC-1A6936A8A523}.Debug|Any CPU.Build.0 = Debug|Any CPU
		{A8C6A9ED-4C62-420E-B7AC-1A6936A8A523}.Release|Any CPU.ActiveCfg = Release|Any CPU
		{A8C6A9ED-4C62-420E-B7AC-1A6936A8A523}.Release|Any CPU.Build.0 = Release|Any CPU
	EndGlobalSection
	GlobalSection(SolutionProperties) = preSolution
		HideSolutionNode = FALSE
	EndGlobalSection
	GlobalSection(ExtensibilityGlobals) = postSolution
		SolutionGuid = {4A9C904F-63F2-4ADB-8E6A-7DEDD29DBBF5}
	EndGlobalSection
EndGlobal
